// !$*UTF8*$!
{
	archiveVersion = 1;
	classes = {
	};
	objectVersion = 55;
	objects = {

/* Begin PBXBuildFile section */
		07937A7E27AAC4190043CD62 /* AppDelegate.swift in Sources */ = {isa = PBXBuildFile; fileRef = 07937A7D27AAC4190043CD62 /* AppDelegate.swift */; };
		07937A8027AAC4190043CD62 /* SceneDelegate.swift in Sources */ = {isa = PBXBuildFile; fileRef = 07937A7F27AAC4190043CD62 /* SceneDelegate.swift */; };
		07937A8227AAC4190043CD62 /* ViewController.swift in Sources */ = {isa = PBXBuildFile; fileRef = 07937A8127AAC4190043CD62 /* ViewController.swift */; };
		07937A8527AAC4190043CD62 /* Main.storyboard in Resources */ = {isa = PBXBuildFile; fileRef = 07937A8327AAC4190043CD62 /* Main.storyboard */; };
		07937A8727AAC41B0043CD62 /* Assets.xcassets in Resources */ = {isa = PBXBuildFile; fileRef = 07937A8627AAC41B0043CD62 /* Assets.xcassets */; };
		07937A8A27AAC41B0043CD62 /* LaunchScreen.storyboard in Resources */ = {isa = PBXBuildFile; fileRef = 07937A8827AAC41B0043CD62 /* LaunchScreen.storyboard */; };
		07937A9527AAC41C0043CD62 /* Whitelabel_App_Theme_iOS_SwiftTests.swift in Sources */ = {isa = PBXBuildFile; fileRef = 07937A9427AAC41C0043CD62 /* Whitelabel_App_Theme_iOS_SwiftTests.swift */; };
/* End PBXBuildFile section */

/* Begin PBXContainerItemProxy section */
		07937A9127AAC41C0043CD62 /* PBXContainerItemProxy */ = {
			isa = PBXContainerItemProxy;
			containerPortal = 07937A7227AAC4190043CD62 /* Project object */;
			proxyType = 1;
			remoteGlobalIDString = 07937A7927AAC4190043CD62;
			remoteInfo = "Whitelabel-App-Theme-iOS-Swift";
		};
/* End PBXContainerItemProxy section */

/* Begin PBXFileReference section */
		07937A7A27AAC4190043CD62 /* Whitelabel-App-Theme-iOS-Swift.app */ = {isa = PBXFileReference; explicitFileType = wrapper.application; includeInIndex = 0; path = "Whitelabel-App-Theme-iOS-Swift.app"; sourceTree = BUILT_PRODUCTS_DIR; };
		07937A7D27AAC4190043CD62 /* AppDelegate.swift */ = {isa = PBXFileReference; lastKnownFileType = sourcecode.swift; path = AppDelegate.swift; sourceTree = "<group>"; };
		07937A7F27AAC4190043CD62 /* SceneDelegate.swift */ = {isa = PBXFileReference; lastKnownFileType = sourcecode.swift; path = SceneDelegate.swift; sourceTree = "<group>"; };
		07937A8127AAC4190043CD62 /* ViewController.swift */ = {isa = PBXFileReference; lastKnownFileType = sourcecode.swift; path = ViewController.swift; sourceTree = "<group>"; };
		07937A8427AAC4190043CD62 /* Base */ = {isa = PBXFileReference; lastKnownFileType = file.storyboard; name = Base; path = Base.lproj/Main.storyboard; sourceTree = "<group>"; };
		07937A8627AAC41B0043CD62 /* Assets.xcassets */ = {isa = PBXFileReference; lastKnownFileType = folder.assetcatalog; path = Assets.xcassets; sourceTree = "<group>"; };
		07937A8927AAC41B0043CD62 /* Base */ = {isa = PBXFileReference; lastKnownFileType = file.storyboard; name = Base; path = Base.lproj/LaunchScreen.storyboard; sourceTree = "<group>"; };
		07937A8B27AAC41B0043CD62 /* Info.plist */ = {isa = PBXFileReference; lastKnownFileType = text.plist.xml; path = Info.plist; sourceTree = "<group>"; };
		07937A9027AAC41C0043CD62 /* Whitelabel-App-Theme-iOS-SwiftTests.xctest */ = {isa = PBXFileReference; explicitFileType = wrapper.cfbundle; includeInIndex = 0; path = "Whitelabel-App-Theme-iOS-SwiftTests.xctest"; sourceTree = BUILT_PRODUCTS_DIR; };
		07937A9427AAC41C0043CD62 /* Whitelabel_App_Theme_iOS_SwiftTests.swift */ = {isa = PBXFileReference; lastKnownFileType = sourcecode.swift; path = Whitelabel_App_Theme_iOS_SwiftTests.swift; sourceTree = "<group>"; };
/* End PBXFileReference section */

/* Begin PBXFrameworksBuildPhase section */
		07937A7727AAC4190043CD62 /* Frameworks */ = {
			isa = PBXFrameworksBuildPhase;
			buildActionMask = 2147483647;
			files = (
			);
			runOnlyForDeploymentPostprocessing = 0;
		};
		07937A8D27AAC41C0043CD62 /* Frameworks */ = {
			isa = PBXFrameworksBuildPhase;
			buildActionMask = 2147483647;
			files = (
			);
			runOnlyForDeploymentPostprocessing = 0;
		};
/* End PBXFrameworksBuildPhase section */

/* Begin PBXGroup section */
		07937A7127AAC4190043CD62 = {
			isa = PBXGroup;
			children = (
				07937A7C27AAC4190043CD62 /* Whitelabel-App-Theme-iOS-Swift */,
				07937A9327AAC41C0043CD62 /* Whitelabel-App-Theme-iOS-SwiftTests */,
				07937A7B27AAC4190043CD62 /* Products */,
			);
			sourceTree = "<group>";
		};
		07937A7B27AAC4190043CD62 /* Products */ = {
			isa = PBXGroup;
			children = (
				07937A7A27AAC4190043CD62 /* Whitelabel-App-Theme-iOS-Swift.app */,
				07937A9027AAC41C0043CD62 /* Whitelabel-App-Theme-iOS-SwiftTests.xctest */,
			);
			name = Products;
			sourceTree = "<group>";
		};
		07937A7C27AAC4190043CD62 /* Whitelabel-App-Theme-iOS-Swift */ = {
			isa = PBXGroup;
			children = (
				07937A7D27AAC4190043CD62 /* AppDelegate.swift */,
				07937A7F27AAC4190043CD62 /* SceneDelegate.swift */,
				07937A8127AAC4190043CD62 /* ViewController.swift */,
				07937A8327AAC4190043CD62 /* Main.storyboard */,
				07937A8627AAC41B0043CD62 /* Assets.xcassets */,
				07937A8827AAC41B0043CD62 /* LaunchScreen.storyboard */,
				07937A8B27AAC41B0043CD62 /* Info.plist */,
			);
			path = "Whitelabel-App-Theme-iOS-Swift";
			sourceTree = "<group>";
		};
		07937A9327AAC41C0043CD62 /* Whitelabel-App-Theme-iOS-SwiftTests */ = {
			isa = PBXGroup;
			children = (
				07937A9427AAC41C0043CD62 /* Whitelabel_App_Theme_iOS_SwiftTests.swift */,
			);
			path = "Whitelabel-App-Theme-iOS-SwiftTests";
			sourceTree = "<group>";
		};
/* End PBXGroup section */

/* Begin PBXNativeTarget section */
		07937A7927AAC4190043CD62 /* Whitelabel-App-Theme-iOS-Swift */ = {
			isa = PBXNativeTarget;
			buildConfigurationList = 07937AA427AAC41C0043CD62 /* Build configuration list for PBXNativeTarget "Whitelabel-App-Theme-iOS-Swift" */;
			buildPhases = (
				07937A7627AAC4190043CD62 /* Sources */,
				07937A7727AAC4190043CD62 /* Frameworks */,
				07937A7827AAC4190043CD62 /* Resources */,
			);
			buildRules = (
			);
			dependencies = (
			);
			name = "Whitelabel-App-Theme-iOS-Swift";
			productName = "Whitelabel-App-Theme-iOS-Swift";
			productReference = 07937A7A27AAC4190043CD62 /* Whitelabel-App-Theme-iOS-Swift.app */;
			productType = "com.apple.product-type.application";
		};
		07937A8F27AAC41C0043CD62 /* Whitelabel-App-Theme-iOS-SwiftTests */ = {
			isa = PBXNativeTarget;
			buildConfigurationList = 07937AA727AAC41C0043CD62 /* Build configuration list for PBXNativeTarget "Whitelabel-App-Theme-iOS-SwiftTests" */;
			buildPhases = (
				07937A8C27AAC41C0043CD62 /* Sources */,
				07937A8D27AAC41C0043CD62 /* Frameworks */,
				07937A8E27AAC41C0043CD62 /* Resources */,
			);
			buildRules = (
			);
			dependencies = (
				07937A9227AAC41C0043CD62 /* PBXTargetDependency */,
			);
			name = "Whitelabel-App-Theme-iOS-SwiftTests";
			productName = "Whitelabel-App-Theme-iOS-SwiftTests";
			productReference = 07937A9027AAC41C0043CD62 /* Whitelabel-App-Theme-iOS-SwiftTests.xctest */;
			productType = "com.apple.product-type.bundle.unit-test";
		};
/* End PBXNativeTarget section */

/* Begin PBXProject section */
		07937A7227AAC4190043CD62 /* Project object */ = {
			isa = PBXProject;
			attributes = {
				BuildIndependentTargetsInParallel = 1;
				LastSwiftUpdateCheck = 1310;
				LastUpgradeCheck = 1310;
				TargetAttributes = {
					07937A7927AAC4190043CD62 = {
						CreatedOnToolsVersion = 13.1;
					};
					07937A8F27AAC41C0043CD62 = {
						CreatedOnToolsVersion = 13.1;
						TestTargetID = 07937A7927AAC4190043CD62;
					};
				};
			};
			buildConfigurationList = 07937A7527AAC4190043CD62 /* Build configuration list for PBXProject "Whitelabel-App-Theme-iOS-Swift" */;
			compatibilityVersion = "Xcode 13.0";
			developmentRegion = en;
			hasScannedForEncodings = 0;
			knownRegions = (
				en,
				Base,
			);
			mainGroup = 07937A7127AAC4190043CD62;
			productRefGroup = 07937A7B27AAC4190043CD62 /* Products */;
			projectDirPath = "";
			projectRoot = "";
			targets = (
				07937A7927AAC4190043CD62 /* Whitelabel-App-Theme-iOS-Swift */,
				07937A8F27AAC41C0043CD62 /* Whitelabel-App-Theme-iOS-SwiftTests */,
			);
		};
/* End PBXProject section */

/* Begin PBXResourcesBuildPhase section */
		07937A7827AAC4190043CD62 /* Resources */ = {
			isa = PBXResourcesBuildPhase;
			buildActionMask = 2147483647;
			files = (
				07937A8A27AAC41B0043CD62 /* LaunchScreen.storyboard in Resources */,
				07937A8727AAC41B0043CD62 /* Assets.xcassets in Resources */,
				07937A8527AAC4190043CD62 /* Main.storyboard in Resources */,
			);
			runOnlyForDeploymentPostprocessing = 0;
		};
		07937A8E27AAC41C0043CD62 /* Resources */ = {
			isa = PBXResourcesBuildPhase;
			buildActionMask = 2147483647;
			files = (
			);
			runOnlyForDeploymentPostprocessing = 0;
		};
/* End PBXResourcesBuildPhase section */

/* Begin PBXSourcesBuildPhase section */
		07937A7627AAC4190043CD62 /* Sources */ = {
			isa = PBXSourcesBuildPhase;
			buildActionMask = 2147483647;
			files = (
				07937A8227AAC4190043CD62 /* ViewController.swift in Sources */,
				07937A7E27AAC4190043CD62 /* AppDelegate.swift in Sources */,
				07937A8027AAC4190043CD62 /* SceneDelegate.swift in Sources */,
			);
			runOnlyForDeploymentPostprocessing = 0;
		};
		07937A8C27AAC41C0043CD62 /* Sources */ = {
			isa = PBXSourcesBuildPhase;
			buildActionMask = 2147483647;
			files = (
				07937A9527AAC41C0043CD62 /* Whitelabel_App_Theme_iOS_SwiftTests.swift in Sources */,
			);
			runOnlyForDeploymentPostprocessing = 0;
		};
/* End PBXSourcesBuildPhase section */

/* Begin PBXTargetDependency section */
		07937A9227AAC41C0043CD62 /* PBXTargetDependency */ = {
			isa = PBXTargetDependency;
			target = 07937A7927AAC4190043CD62 /* Whitelabel-App-Theme-iOS-Swift */;
			targetProxy = 07937A9127AAC41C0043CD62 /* PBXContainerItemProxy */;
		};
/* End PBXTargetDependency section */

/* Begin PBXVariantGroup section */
		07937A8327AAC4190043CD62 /* Main.storyboard */ = {
			isa = PBXVariantGroup;
			children = (
				07937A8427AAC4190043CD62 /* Base */,
			);
			name = Main.storyboard;
			sourceTree = "<group>";
		};
		07937A8827AAC41B0043CD62 /* LaunchScreen.storyboard */ = {
			isa = PBXVariantGroup;
			children = (
				07937A8927AAC41B0043CD62 /* Base */,
			);
			name = LaunchScreen.storyboard;
			sourceTree = "<group>";
		};
/* End PBXVariantGroup section */

/* Begin XCBuildConfiguration section */
		07937AA227AAC41C0043CD62 /* Debug */ = {
			isa = XCBuildConfiguration;
			buildSettings = {
				ALWAYS_SEARCH_USER_PATHS = NO;
				CLANG_ANALYZER_NONNULL = YES;
				CLANG_ANALYZER_NUMBER_OBJECT_CONVERSION = YES_AGGRESSIVE;
				CLANG_CXX_LANGUAGE_STANDARD = "gnu++17";
				CLANG_CXX_LIBRARY = "libc++";
				CLANG_ENABLE_MODULES = YES;
				CLANG_ENABLE_OBJC_ARC = YES;
				CLANG_ENABLE_OBJC_WEAK = YES;
				CLANG_WARN_BLOCK_CAPTURE_AUTORELEASING = YES;
				CLANG_WARN_BOOL_CONVERSION = YES;
				CLANG_WARN_COMMA = YES;
				CLANG_WARN_CONSTANT_CONVERSION = YES;
				CLANG_WARN_DEPRECATED_OBJC_IMPLEMENTATIONS = YES;
				CLANG_WARN_DIRECT_OBJC_ISA_USAGE = YES_ERROR;
				CLANG_WARN_DOCUMENTATION_COMMENTS = YES;
				CLANG_WARN_EMPTY_BODY = YES;
				CLANG_WARN_ENUM_CONVERSION = YES;
				CLANG_WARN_INFINITE_RECURSION = YES;
				CLANG_WARN_INT_CONVERSION = YES;
				CLANG_WARN_NON_LITERAL_NULL_CONVERSION = YES;
				CLANG_WARN_OBJC_IMPLICIT_RETAIN_SELF = YES;
				CLANG_WARN_OBJC_LITERAL_CONVERSION = YES;
				CLANG_WARN_OBJC_ROOT_CLASS = YES_ERROR;
				CLANG_WARN_QUOTED_INCLUDE_IN_FRAMEWORK_HEADER = YES;
				CLANG_WARN_RANGE_LOOP_ANALYSIS = YES;
				CLANG_WARN_STRICT_PROTOTYPES = YES;
				CLANG_WARN_SUSPICIOUS_MOVE = YES;
				CLANG_WARN_UNGUARDED_AVAILABILITY = YES_AGGRESSIVE;
				CLANG_WARN_UNREACHABLE_CODE = YES;
				CLANG_WARN__DUPLICATE_METHOD_MATCH = YES;
				COPY_PHASE_STRIP = NO;
				DEBUG_INFORMATION_FORMAT = dwarf;
				ENABLE_STRICT_OBJC_MSGSEND = YES;
				ENABLE_TESTABILITY = YES;
				GCC_C_LANGUAGE_STANDARD = gnu11;
				GCC_DYNAMIC_NO_PIC = NO;
				GCC_NO_COMMON_BLOCKS = YES;
				GCC_OPTIMIZATION_LEVEL = 0;
				GCC_PREPROCESSOR_DEFINITIONS = (
					"DEBUG=1",
					"$(inherited)",
				);
				GCC_WARN_64_TO_32_BIT_CONVERSION = YES;
				GCC_WARN_ABOUT_RETURN_TYPE = YES_ERROR;
				GCC_WARN_UNDECLARED_SELECTOR = YES;
				GCC_WARN_UNINITIALIZED_AUTOS = YES_AGGRESSIVE;
				GCC_WARN_UNUSED_FUNCTION = YES;
				GCC_WARN_UNUSED_VARIABLE = YES;
				IPHONEOS_DEPLOYMENT_TARGET = 15.0;
				MTL_ENABLE_DEBUG_INFO = INCLUDE_SOURCE;
				MTL_FAST_MATH = YES;
				ONLY_ACTIVE_ARCH = YES;
				SDKROOT = iphoneos;
				SWIFT_ACTIVE_COMPILATION_CONDITIONS = DEBUG;
				SWIFT_OPTIMIZATION_LEVEL = "-Onone";
			};
			name = Debug;
		};
		07937AA327AAC41C0043CD62 /* Release */ = {
			isa = XCBuildConfiguration;
			buildSettings = {
				ALWAYS_SEARCH_USER_PATHS = NO;
				CLANG_ANALYZER_NONNULL = YES;
				CLANG_ANALYZER_NUMBER_OBJECT_CONVERSION = YES_AGGRESSIVE;
				CLANG_CXX_LANGUAGE_STANDARD = "gnu++17";
				CLANG_CXX_LIBRARY = "libc++";
				CLANG_ENABLE_MODULES = YES;
				CLANG_ENABLE_OBJC_ARC = YES;
				CLANG_ENABLE_OBJC_WEAK = YES;
				CLANG_WARN_BLOCK_CAPTURE_AUTORELEASING = YES;
				CLANG_WARN_BOOL_CONVERSION = YES;
				CLANG_WARN_COMMA = YES;
				CLANG_WARN_CONSTANT_CONVERSION = YES;
				CLANG_WARN_DEPRECATED_OBJC_IMPLEMENTATIONS = YES;
				CLANG_WARN_DIRECT_OBJC_ISA_USAGE = YES_ERROR;
				CLANG_WARN_DOCUMENTATION_COMMENTS = YES;
				CLANG_WARN_EMPTY_BODY = YES;
				CLANG_WARN_ENUM_CONVERSION = YES;
				CLANG_WARN_INFINITE_RECURSION = YES;
				CLANG_WARN_INT_CONVERSION = YES;
				CLANG_WARN_NON_LITERAL_NULL_CONVERSION = YES;
				CLANG_WARN_OBJC_IMPLICIT_RETAIN_SELF = YES;
				CLANG_WARN_OBJC_LITERAL_CONVERSION = YES;
				CLANG_WARN_OBJC_ROOT_CLASS = YES_ERROR;
				CLANG_WARN_QUOTED_INCLUDE_IN_FRAMEWORK_HEADER = YES;
				CLANG_WARN_RANGE_LOOP_ANALYSIS = YES;
				CLANG_WARN_STRICT_PROTOTYPES = YES;
				CLANG_WARN_SUSPICIOUS_MOVE = YES;
				CLANG_WARN_UNGUARDED_AVAILABILITY = YES_AGGRESSIVE;
				CLANG_WARN_UNREACHABLE_CODE = YES;
				CLANG_WARN__DUPLICATE_METHOD_MATCH = YES;
				COPY_PHASE_STRIP = NO;
				DEBUG_INFORMATION_FORMAT = "dwarf-with-dsym";
				ENABLE_NS_ASSERTIONS = NO;
				ENABLE_STRICT_OBJC_MSGSEND = YES;
				GCC_C_LANGUAGE_STANDARD = gnu11;
				GCC_NO_COMMON_BLOCKS = YES;
				GCC_WARN_64_TO_32_BIT_CONVERSION = YES;
				GCC_WARN_ABOUT_RETURN_TYPE = YES_ERROR;
				GCC_WARN_UNDECLARED_SELECTOR = YES;
				GCC_WARN_UNINITIALIZED_AUTOS = YES_AGGRESSIVE;
				GCC_WARN_UNUSED_FUNCTION = YES;
				GCC_WARN_UNUSED_VARIABLE = YES;
				IPHONEOS_DEPLOYMENT_TARGET = 15.0;
				MTL_ENABLE_DEBUG_INFO = NO;
				MTL_FAST_MATH = YES;
				SDKROOT = iphoneos;
				SWIFT_COMPILATION_MODE = wholemodule;
				SWIFT_OPTIMIZATION_LEVEL = "-O";
				VALIDATE_PRODUCT = YES;
			};
			name = Release;
		};
		07937AA527AAC41C0043CD62 /* Debug */ = {
			isa = XCBuildConfiguration;
			buildSettings = {
				ASSETCATALOG_COMPILER_APPICON_NAME = AppIcon;
				ASSETCATALOG_COMPILER_GLOBAL_ACCENT_COLOR_NAME = AccentColor;
				CODE_SIGN_STYLE = Automatic;
				CURRENT_PROJECT_VERSION = 1;
				GENERATE_INFOPLIST_FILE = YES;
				INFOPLIST_FILE = "Whitelabel-App-Theme-iOS-Swift/Info.plist";
				INFOPLIST_KEY_UIApplicationSupportsIndirectInputEvents = YES;
				INFOPLIST_KEY_UILaunchStoryboardName = LaunchScreen;
				INFOPLIST_KEY_UIMainStoryboardFile = Main;
				INFOPLIST_KEY_UISupportedInterfaceOrientations_iPad = "UIInterfaceOrientationPortrait UIInterfaceOrientationPortraitUpsideDown UIInterfaceOrientationLandscapeLeft UIInterfaceOrientationLandscapeRight";
				INFOPLIST_KEY_UISupportedInterfaceOrientations_iPhone = "UIInterfaceOrientationPortrait UIInterfaceOrientationLandscapeLeft UIInterfaceOrientationLandscapeRight";
				LD_RUNPATH_SEARCH_PATHS = (
					"$(inherited)",
					"@executable_path/Frameworks",
				);
				MARKETING_VERSION = 1.0;
				PRODUCT_BUNDLE_IDENTIFIER = "com.app.Whitelabel-App-Theme-iOS-Swift";
				PRODUCT_NAME = "$(TARGET_NAME)";
				SWIFT_EMIT_LOC_STRINGS = YES;
				SWIFT_VERSION = 5.0;
				TARGETED_DEVICE_FAMILY = "1,2";
			};
			name = Debug;
		};
		07937AA627AAC41C0043CD62 /* Release */ = {
			isa = XCBuildConfiguration;
			buildSettings = {
				ASSETCATALOG_COMPILER_APPICON_NAME = AppIcon;
				ASSETCATALOG_COMPILER_GLOBAL_ACCENT_COLOR_NAME = AccentColor;
				CODE_SIGN_STYLE = Automatic;
				CURRENT_PROJECT_VERSION = 1;
				GENERATE_INFOPLIST_FILE = YES;
				INFOPLIST_FILE = "Whitelabel-App-Theme-iOS-Swift/Info.plist";
				INFOPLIST_KEY_UIApplicationSupportsIndirectInputEvents = YES;
				INFOPLIST_KEY_UILaunchStoryboardName = LaunchScreen;
				INFOPLIST_KEY_UIMainStoryboardFile = Main;
				INFOPLIST_KEY_UISupportedInterfaceOrientations_iPad = "UIInterfaceOrientationPortrait UIInterfaceOrientationPortraitUpsideDown UIInterfaceOrientationLandscapeLeft UIInterfaceOrientationLandscapeRight";
				INFOPLIST_KEY_UISupportedInterfaceOrientations_iPhone = "UIInterfaceOrientationPortrait UIInterfaceOrientationLandscapeLeft UIInterfaceOrientationLandscapeRight";
				LD_RUNPATH_SEARCH_PATHS = (
					"$(inherited)",
					"@executable_path/Frameworks",
				);
				MARKETING_VERSION = 1.0;
				PRODUCT_BUNDLE_IDENTIFIER = "com.app.Whitelabel-App-Theme-iOS-Swift";
				PRODUCT_NAME = "$(TARGET_NAME)";
				SWIFT_EMIT_LOC_STRINGS = YES;
				SWIFT_VERSION = 5.0;
				TARGETED_DEVICE_FAMILY = "1,2";
			};
			name = Release;
		};
		07937AA827AAC41C0043CD62 /* Debug */ = {
			isa = XCBuildConfiguration;
			buildSettings = {
				ALWAYS_EMBED_SWIFT_STANDARD_LIBRARIES = YES;
				BUNDLE_LOADER = "$(TEST_HOST)";
				CODE_SIGN_STYLE = Automatic;
				CURRENT_PROJECT_VERSION = 1;
				GENERATE_INFOPLIST_FILE = YES;
				IPHONEOS_DEPLOYMENT_TARGET = 15.0;
				LD_RUNPATH_SEARCH_PATHS = (
					"$(inherited)",
					"@executable_path/Frameworks",
					"@loader_path/Frameworks",
				);
				MARKETING_VERSION = 1.0;
				PRODUCT_BUNDLE_IDENTIFIER = "com.app.Whitelabel-App-Theme-iOS-SwiftTests";
				PRODUCT_NAME = "$(TARGET_NAME)";
				SWIFT_EMIT_LOC_STRINGS = NO;
				SWIFT_VERSION = 5.0;
				TARGETED_DEVICE_FAMILY = "1,2";
				TEST_HOST = "$(BUILT_PRODUCTS_DIR)/Whitelabel-App-Theme-iOS-Swift.app/Whitelabel-App-Theme-iOS-Swift";
			};
			name = Debug;
		};
		07937AA927AAC41C0043CD62 /* Release */ = {
			isa = XCBuildConfiguration;
			buildSettings = {
				ALWAYS_EMBED_SWIFT_STANDARD_LIBRARIES = YES;
				BUNDLE_LOADER = "$(TEST_HOST)";
				CODE_SIGN_STYLE = Automatic;
				CURRENT_PROJECT_VERSION = 1;
				GENERATE_INFOPLIST_FILE = YES;
				IPHONEOS_DEPLOYMENT_TARGET = 15.0;
				LD_RUNPATH_SEARCH_PATHS = (
					"$(inherited)",
					"@executable_path/Frameworks",
					"@loader_path/Frameworks",
				);
				MARKETING_VERSION = 1.0;
				PRODUCT_BUNDLE_IDENTIFIER = "com.app.Whitelabel-App-Theme-iOS-SwiftTests";
				PRODUCT_NAME = "$(TARGET_NAME)";
				SWIFT_EMIT_LOC_STRINGS = NO;
				SWIFT_VERSION = 5.0;
				TARGETED_DEVICE_FAMILY = "1,2";
				TEST_HOST = "$(BUILT_PRODUCTS_DIR)/Whitelabel-App-Theme-iOS-Swift.app/Whitelabel-App-Theme-iOS-Swift";
			};
			name = Release;
		};
/* End XCBuildConfiguration section */

/* Begin XCConfigurationList section */
		07937A7527AAC4190043CD62 /* Build configuration list for PBXProject "Whitelabel-App-Theme-iOS-Swift" */ = {
			isa = XCConfigurationList;
			buildConfigurations = (
				07937AA227AAC41C0043CD62 /* Debug */,
				07937AA327AAC41C0043CD62 /* Release */,
			);
			defaultConfigurationIsVisible = 0;
			defaultConfigurationName = Release;
		};
		07937AA427AAC41C0043CD62 /* Build configuration list for PBXNativeTarget "Whitelabel-App-Theme-iOS-Swift" */ = {
			isa = XCConfigurationList;
			buildConfigurations = (
				07937AA527AAC41C0043CD62 /* Debug */,
				07937AA627AAC41C0043CD62 /* Release */,
			);
			defaultConfigurationIsVisible = 0;
			defaultConfigurationName = Release;
		};
		07937AA727AAC41C0043CD62 /* Build configuration list for PBXNativeTarget "Whitelabel-App-Theme-iOS-SwiftTests" */ = {
			isa = XCConfigurationList;
			buildConfigurations = (
				07937AA827AAC41C0043CD62 /* Debug */,
				07937AA927AAC41C0043CD62 /* Release */,
			);
			defaultConfigurationIsVisible = 0;
			defaultConfigurationName = Release;
		};
/* End XCConfigurationList section */
	};
	rootObject = 07937A7227AAC4190043CD62 /* Project object */;
}
